
Microsoft Visual Studio Solution File, Format Version 12.00
# Visual Studio 15
VisualStudioVersion = 15.0.26124.0
MinimumVisualStudioVersion = 15.0.26124.0
Project("{FAE04EC0-301F-11D3-BF4B-00C04F79EFBC}") = "API", "API\API.csproj", "{D4D0E0FE-6B6E-4392-A53D-52CE39DB425F}"
EndProject
Project("{FAE04EC0-301F-11D3-BF4B-00C04F79EFBC}") = "Core", "Core\Core.csproj", "{3161B1AF-FC07-4164-A947-75B4A846596D}"
EndProject
Project("{FAE04EC0-301F-11D3-BF4B-00C04F79EFBC}") = "Infrastructure", "Infrastructure\Infrastructure.csproj", "{FC09E6E9-B694-4630-90AA-FAA6DE7E23E6}"
EndProject
Project("{FAE04EC0-301F-11D3-BF4B-00C04F79EFBC}") = "Coree", "Coree\Coree.csproj", "{0159AE57-8A59-4BB3-9A82-3068FD34D011}"
EndProject
Global
	GlobalSection(SolutionConfigurationPlatforms) = preSolution
		Debug|Any CPU = Debug|Any CPU
		Debug|x64 = Debug|x64
		Debug|x86 = Debug|x86
		Release|Any CPU = Release|Any CPU
		Release|x64 = Release|x64
		Release|x86 = Release|x86
	EndGlobalSection
	GlobalSection(SolutionProperties) = preSolution
		HideSolutionNode = FALSE
	EndGlobalSection
	GlobalSection(ProjectConfigurationPlatforms) = postSolution
		{D4D0E0FE-6B6E-4392-A53D-52CE39DB425F}.Debug|Any CPU.ActiveCfg = Debug|Any CPU
		{D4D0E0FE-6B6E-4392-A53D-52CE39DB425F}.Debug|Any CPU.Build.0 = Debug|Any CPU
		{D4D0E0FE-6B6E-4392-A53D-52CE39DB425F}.Debug|x64.ActiveCfg = Debug|Any CPU
		{D4D0E0FE-6B6E-4392-A53D-52CE39DB425F}.Debug|x64.Build.0 = Debug|Any CPU
		{D4D0E0FE-6B6E-4392-A53D-52CE39DB425F}.Debug|x86.ActiveCfg = Debug|Any CPU
		{D4D0E0FE-6B6E-4392-A53D-52CE39DB425F}.Debug|x86.Build.0 = Debug|Any CPU
		{D4D0E0FE-6B6E-4392-A53D-52CE39DB425F}.Release|Any CPU.ActiveCfg = Release|Any CPU
		{D4D0E0FE-6B6E-4392-A53D-52CE39DB425F}.Release|Any CPU.Build.0 = Release|Any CPU
		{D4D0E0FE-6B6E-4392-A53D-52CE39DB425F}.Release|x64.ActiveCfg = Release|Any CPU
		{D4D0E0FE-6B6E-4392-A53D-52CE39DB425F}.Release|x64.Build.0 = Release|Any CPU
		{D4D0E0FE-6B6E-4392-A53D-52CE39DB425F}.Release|x86.ActiveCfg = Release|Any CPU
		{D4D0E0FE-6B6E-4392-A53D-52CE39DB425F}.Release|x86.Build.0 = Release|Any CPU
		{3161B1AF-FC07-4164-A947-75B4A846596D}.Debug|Any CPU.ActiveCfg = Debug|Any CPU
		{3161B1AF-FC07-4164-A947-75B4A846596D}.Debug|Any CPU.Build.0 = Debug|Any CPU
		{3161B1AF-FC07-4164-A947-75B4A846596D}.Debug|x64.ActiveCfg = Debug|Any CPU
		{3161B1AF-FC07-4164-A947-75B4A846596D}.Debug|x64.Build.0 = Debug|Any CPU
		{3161B1AF-FC07-4164-A947-75B4A846596D}.Debug|x86.ActiveCfg = Debug|Any CPU
		{3161B1AF-FC07-4164-A947-75B4A846596D}.Debug|x86.Build.0 = Debug|Any CPU
		{3161B1AF-FC07-4164-A947-75B4A846596D}.Release|Any CPU.ActiveCfg = Release|Any CPU
		{3161B1AF-FC07-4164-A947-75B4A846596D}.Release|Any CPU.Build.0 = Release|Any CPU
		{3161B1AF-FC07-4164-A947-75B4A846596D}.Release|x64.ActiveCfg = Release|Any CPU
		{3161B1AF-FC07-4164-A947-75B4A846596D}.Release|x64.Build.0 = Release|Any CPU
		{3161B1AF-FC07-4164-A947-75B4A846596D}.Release|x86.ActiveCfg = Release|Any CPU
		{3161B1AF-FC07-4164-A947-75B4A846596D}.Release|x86.Build.0 = Release|Any CPU
		{FC09E6E9-B694-4630-90AA-FAA6DE7E23E6}.Debug|Any CPU.ActiveCfg = Debug|Any CPU
		{FC09E6E9-B694-4630-90AA-FAA6DE7E23E6}.Debug|Any CPU.Build.0 = Debug|Any CPU
		{FC09E6E9-B694-4630-90AA-FAA6DE7E23E6}.Debug|x64.ActiveCfg = Debug|Any CPU
		{FC09E6E9-B694-4630-90AA-FAA6DE7E23E6}.Debug|x64.Build.0 = Debug|Any CPU
		{FC09E6E9-B694-4630-90AA-FAA6DE7E23E6}.Debug|x86.ActiveCfg = Debug|Any CPU
		{FC09E6E9-B694-4630-90AA-FAA6DE7E23E6}.Debug|x86.Build.0 = Debug|Any CPU
		{FC09E6E9-B694-4630-90AA-FAA6DE7E23E6}.Release|Any CPU.ActiveCfg = Release|Any CPU
		{FC09E6E9-B694-4630-90AA-FAA6DE7E23E6}.Release|Any CPU.Build.0 = Release|Any CPU
		{FC09E6E9-B694-4630-90AA-FAA6DE7E23E6}.Release|x64.ActiveCfg = Release|Any CPU
		{FC09E6E9-B694-4630-90AA-FAA6DE7E23E6}.Release|x64.Build.0 = Release|Any CPU
		{FC09E6E9-B694-4630-90AA-FAA6DE7E23E6}.Release|x86.ActiveCfg = Release|Any CPU
		{FC09E6E9-B694-4630-90AA-FAA6DE7E23E6}.Release|x86.Build.0 = Release|Any CPU
		{0159AE57-8A59-4BB3-9A82-3068FD34D011}.Debug|Any CPU.ActiveCfg = Debug|Any CPU
		{0159AE57-8A59-4BB3-9A82-3068FD34D011}.Debug|Any CPU.Build.0 = Debug|Any CPU
		{0159AE57-8A59-4BB3-9A82-3068FD34D011}.Debug|x64.ActiveCfg = Debug|Any CPU
		{0159AE57-8A59-4BB3-9A82-3068FD34D011}.Debug|x64.Build.0 = Debug|Any CPU
		{0159AE57-8A59-4BB3-9A82-3068FD34D011}.Debug|x86.ActiveCfg = Debug|Any CPU
		{0159AE57-8A59-4BB3-9A82-3068FD34D011}.Debug|x86.Build.0 = Debug|Any CPU
		{0159AE57-8A59-4BB3-9A82-3068FD34D011}.Release|Any CPU.ActiveCfg = Release|Any CPU
		{0159AE57-8A59-4BB3-9A82-3068FD34D011}.Release|Any CPU.Build.0 = Release|Any CPU
		{0159AE57-8A59-4BB3-9A82-3068FD34D011}.Release|x64.ActiveCfg = Release|Any CPU
		{0159AE57-8A59-4BB3-9A82-3068FD34D011}.Release|x64.Build.0 = Release|Any CPU
		{0159AE57-8A59-4BB3-9A82-3068FD34D011}.Release|x86.ActiveCfg = Release|Any CPU
		{0159AE57-8A59-4BB3-9A82-3068FD34D011}.Release|x86.Build.0 = Release|Any CPU
	EndGlobalSection
EndGlobal
